{"1.2.0",
[{<<"backoff">>,{pkg,<<"backoff">>,<<"1.1.6">>},1},
 {<<"cowboy">>,{pkg,<<"cowboy">>,<<"2.8.0">>},0},
 {<<"cowlib">>,{pkg,<<"cowlib">>,<<"2.9.1">>},1},
 {<<"jsone">>,{pkg,<<"jsone">>,<<"1.5.5">>},0},
 {<<"pg_types">>,{pkg,<<"pg_types">>,<<"0.4.0">>},1},
 {<<"pgo">>,{pkg,<<"pgo">>,<<"0.11.1">>},0},
 {<<"ranch">>,{pkg,<<"ranch">>,<<"1.7.1">>},1},
 {<<"telemetry">>,{pkg,<<"telemetry">>,<<"0.4.2">>},1}]}.
[
{pkg_hash,[
 {<<"backoff">>, <<"83B72ED2108BA1EE8F7D1C22E0B4A00CFE3593A67DBC792799E8CCE9F42F796B">>},
 {<<"cowboy">>, <<"F3DC62E35797ECD9AC1B50DB74611193C29815401E53BAC9A5C0577BD7BC667D">>},
 {<<"cowlib">>, <<"61A6C7C50CF07FDD24B2F45B89500BB93B6686579B069A89F88CB211E1125C78">>},
 {<<"jsone">>, <<"E88519CA0427C83D0106C773AFA7231429D0221AAE9A4A4B11F9CA73EC18978A">>},
 {<<"pg_types">>, <<"3CE365C92903C5BB59C0D56382D842C8C610C1B6F165E20C4B652C96FA7E9C14">>},
 {<<"pgo">>, <<"4B699096E0C5009610AB063F68B97D1B45FD4BAFA286ED5FFC6744DA07F7B6A6">>},
 {<<"ranch">>, <<"6B1FAB51B49196860B733A49C07604465A47BDB78AA10C1C16A3D199F7F8C881">>},
 {<<"telemetry">>, <<"2808C992455E08D6177322F14D3BDB6B625FBCFD233A73505870D8738A2F4599">>}]},
{pkg_hash_ext,[
 {<<"backoff">>, <<"CF0CFFF8995FB20562F822E5CC47D8CCF664C5ECDC26A684CBE85C225F9D7C39">>},
 {<<"cowboy">>, <<"4643E4FBA74AC96D4D152C75803DE6FAD0B3FA5DF354C71AFDD6CBEEB15FAC8A">>},
 {<<"cowlib">>, <<"E4175DC240A70D996156160891E1C62238EDE1729E45740BDD38064DAD476170">>},
 {<<"jsone">>, <<"ECB60CBA1323679209686EEB56EB10A57B31CEB601D96840B04D8C6D39FB9CF5">>},
 {<<"pg_types">>, <<"B02EFA785CAECECF9702C681C80A9CA12A39F9161A846CE17B01FB20AEEED7EB">>},
 {<<"pgo">>, <<"30F38CA823A98C41EF23967D133E91B45AD14AEE0766F4773E88BCCF46BA17A5">>},
 {<<"ranch">>, <<"451D8527787DF716D99DC36162FCA05934915DB0B6141BBDAC2EA8D3C7AFC7D7">>},
 {<<"telemetry">>, <<"2D1419BD9DDA6A206D7B5852179511722E2B18812310D304620C7BD92A13FCEF">>}]}
].
